{
  "name": "openmct_config",
  "version": "1.0.0",
  "lockfileVersion": 3,
  "requires": true,
  "packages": {
    "": {
      "name": "openmct_config",
      "version": "1.0.0",
      "license": "ISC",
      "dependencies": {
        "openmct": "^2.2.4"
      }
    },
    "node_modules/openmct": {
      "version": "2.2.4",
      "resolved": "https://registry.npmjs.org/openmct/-/openmct-2.2.4.tgz",
      "integrity": "sha512-Vj4IQPLvPHVtKQk9v6kaZcJv3leoHAZffWbCXIFf+duRXnHWgkZSnJSeZF5hVbF440ZbXeuKe9vBnIjWB2ouQQ==",
      "license": "Apache-2.0",
      "engines": {
        "node": ">=16.19.1"
      }
    }
  }
}
